
Microsoft Visual Studio Solution File, Format Version 12.00
# Visual Studio 15
VisualStudioVersion = 15.0.28307.572
MinimumVisualStudioVersion = 10.0.40219.1
Project("{FAE04EC0-301F-11D3-BF4B-00C04F79EFBC}") = "people.Android", "people\people.Android\people.Android.csproj", "{2198C047-E8A5-4293-8717-7AA3FBEB49BF}"
EndProject
Project("{FAE04EC0-301F-11D3-BF4B-00C04F79EFBC}") = "people", "people\people\people.csproj", "{F03AA665-A71D-4044-A481-34E738A79851}"
EndProject
Global
	GlobalSection(SolutionConfigurationPlatforms) = preSolution
		Debug|Any CPU = Debug|Any CPU
		Release|Any CPU = Release|Any CPU
	EndGlobalSection
	GlobalSection(ProjectConfigurationPlatforms) = postSolution
		{2198C047-E8A5-4293-8717-7AA3FBEB49BF}.Debug|Any CPU.ActiveCfg = Debug|Any CPU
		{2198C047-E8A5-4293-8717-7AA3FBEB49BF}.Debug|Any CPU.Build.0 = Debug|Any CPU
		{2198C047-E8A5-4293-8717-7AA3FBEB49BF}.Debug|Any CPU.Deploy.0 = Debug|Any CPU
		{2198C047-E8A5-4293-8717-7AA3FBEB49BF}.Release|Any CPU.ActiveCfg = Release|Any CPU
		{2198C047-E8A5-4293-8717-7AA3FBEB49BF}.Release|Any CPU.Build.0 = Release|Any CPU
		{2198C047-E8A5-4293-8717-7AA3FBEB49BF}.Release|Any CPU.Deploy.0 = Release|Any CPU
		{F03AA665-A71D-4044-A481-34E738A79851}.Debug|Any CPU.ActiveCfg = Debug|Any CPU
		{F03AA665-A71D-4044-A481-34E738A79851}.Debug|Any CPU.Build.0 = Debug|Any CPU
		{F03AA665-A71D-4044-A481-34E738A79851}.Debug|Any CPU.Deploy.0 = Debug|Any CPU
		{F03AA665-A71D-4044-A481-34E738A79851}.Release|Any CPU.ActiveCfg = Release|Any CPU
		{F03AA665-A71D-4044-A481-34E738A79851}.Release|Any CPU.Build.0 = Release|Any CPU
		{F03AA665-A71D-4044-A481-34E738A79851}.Release|Any CPU.Deploy.0 = Release|Any CPU
	EndGlobalSection
	GlobalSection(SolutionProperties) = preSolution
		HideSolutionNode = FALSE
	EndGlobalSection
	GlobalSection(ExtensibilityGlobals) = postSolution
		SolutionGuid = {4D2D3363-79E3-4512-99E2-146F8F220B2E}
	EndGlobalSection
EndGlobal
